
Microsoft Visual Studio Solution File, Format Version 12.00
# Visual Studio Version 17
VisualStudioVersion = 17.9.34607.119
MinimumVisualStudioVersion = 10.0.40219.1
Project("{FAE04EC0-301F-11D3-BF4B-00C04F79EFBC}") = "1.BookStoreApp", "1.BookStoreApp\1.BookStoreApp.csproj", "{A581A0DF-B457-4761-9A3E-EC1B21385445}"
EndProject
Global
	GlobalSection(SolutionConfigurationPlatforms) = preSolution
		Debug|Any CPU = Debug|Any CPU
		Release|Any CPU = Release|Any CPU
	EndGlobalSection
	GlobalSection(ProjectConfigurationPlatforms) = postSolution
		{A581A0DF-B457-4761-9A3E-EC1B21385445}.Debug|Any CPU.ActiveCfg = Debug|Any CPU
		{A581A0DF-B457-4761-9A3E-EC1B21385445}.Debug|Any CPU.Build.0 = Debug|Any CPU
		{A581A0DF-B457-4761-9A3E-EC1B21385445}.Release|Any CPU.ActiveCfg = Release|Any CPU
		{A581A0DF-B457-4761-9A3E-EC1B21385445}.Release|Any CPU.Build.0 = Release|Any CPU
	EndGlobalSection
	GlobalSection(SolutionProperties) = preSolution
		HideSolutionNode = FALSE
	EndGlobalSection
	GlobalSection(ExtensibilityGlobals) = postSolution
		SolutionGuid = {6EE61AEF-0095-45F5-9DA8-ECFC33B462ED}
	EndGlobalSection
EndGlobal
